
Microsoft Visual Studio Solution File, Format Version 12.00
# Visual Studio Version 17
VisualStudioVersion = 17.2.32516.85
MinimumVisualStudioVersion = 10.0.40219.1
Project("{FAE04EC0-301F-11D3-BF4B-00C04F79EFBC}") = "AppointmentScheduling", "AppointmentScheduling\AppointmentScheduling.csproj", "{5EFEC738-ED43-4446-8A2A-FEAFFFDC2F41}"
EndProject
Global
	GlobalSection(SolutionConfigurationPlatforms) = preSolution
		Debug|Any CPU = Debug|Any CPU
		Release|Any CPU = Release|Any CPU
	EndGlobalSection
	GlobalSection(ProjectConfigurationPlatforms) = postSolution
		{5EFEC738-ED43-4446-8A2A-FEAFFFDC2F41}.Debug|Any CPU.ActiveCfg = Debug|Any CPU
		{5EFEC738-ED43-4446-8A2A-FEAFFFDC2F41}.Debug|Any CPU.Build.0 = Debug|Any CPU
		{5EFEC738-ED43-4446-8A2A-FEAFFFDC2F41}.Release|Any CPU.ActiveCfg = Release|Any CPU
		{5EFEC738-ED43-4446-8A2A-FEAFFFDC2F41}.Release|Any CPU.Build.0 = Release|Any CPU
	EndGlobalSection
	GlobalSection(SolutionProperties) = preSolution
		HideSolutionNode = FALSE
	EndGlobalSection
	GlobalSection(ExtensibilityGlobals) = postSolution
		SolutionGuid = {A7B58DB2-86AB-46E5-8C78-4494396FC1AF}
	EndGlobalSection
EndGlobal
